
Microsoft Visual Studio Solution File, Format Version 12.00
# Visual Studio Version 17
VisualStudioVersion = 17.6.33815.320
MinimumVisualStudioVersion = 10.0.40219.1
Project("{FAE04EC0-301F-11D3-BF4B-00C04F79EFBC}") = "Cliffer", "ClifferLib\Cliffer.csproj", "{4E677229-BA1E-4A97-82A4-F492DDE24F4B}"
EndProject
Project("{FAE04EC0-301F-11D3-BF4B-00C04F79EFBC}") = "ClifferDemo", "ClifferDemo\ClifferDemo.csproj", "{9C596BAF-28CC-4E72-BBA9-13B0FE054C82}"
	ProjectSection(ProjectDependencies) = postProject
		{4E677229-BA1E-4A97-82A4-F492DDE24F4B} = {4E677229-BA1E-4A97-82A4-F492DDE24F4B}
	EndProjectSection
EndProject
Project("{2150E333-8FDC-42A3-9474-1A3956D46DE8}") = "Solution Items", "Solution Items", "{1B007E7A-F4A0-4A6C-9987-B61773AA44E0}"
	ProjectSection(SolutionItems) = preProject
		LICENSE.txt = LICENSE.txt
		README.md = README.md
	EndProjectSection
EndProject
Global
	GlobalSection(SolutionConfigurationPlatforms) = preSolution
		Debug|Any CPU = Debug|Any CPU
		Release|Any CPU = Release|Any CPU
	EndGlobalSection
	GlobalSection(ProjectConfigurationPlatforms) = postSolution
		{4E677229-BA1E-4A97-82A4-F492DDE24F4B}.Debug|Any CPU.ActiveCfg = Debug|Any CPU
		{4E677229-BA1E-4A97-82A4-F492DDE24F4B}.Debug|Any CPU.Build.0 = Debug|Any CPU
		{4E677229-BA1E-4A97-82A4-F492DDE24F4B}.Release|Any CPU.ActiveCfg = Release|Any CPU
		{4E677229-BA1E-4A97-82A4-F492DDE24F4B}.Release|Any CPU.Build.0 = Release|Any CPU
		{9C596BAF-28CC-4E72-BBA9-13B0FE054C82}.Debug|Any CPU.ActiveCfg = Debug|Any CPU
		{9C596BAF-28CC-4E72-BBA9-13B0FE054C82}.Debug|Any CPU.Build.0 = Debug|Any CPU
		{9C596BAF-28CC-4E72-BBA9-13B0FE054C82}.Release|Any CPU.ActiveCfg = Release|Any CPU
		{9C596BAF-28CC-4E72-BBA9-13B0FE054C82}.Release|Any CPU.Build.0 = Release|Any CPU
	EndGlobalSection
	GlobalSection(SolutionProperties) = preSolution
		HideSolutionNode = FALSE
	EndGlobalSection
	GlobalSection(ExtensibilityGlobals) = postSolution
		SolutionGuid = {FD19440A-C0EC-455E-8E27-55AB96372F13}
	EndGlobalSection
EndGlobal
